Microsoft Visual Studio Solution File, Format Version 12.00
# Visual Studio Version 17
VisualStudioVersion = 17.5.2.0
MinimumVisualStudioVersion = 10.0.40219.1
Project("{FAE04EC0-301F-11D3-BF4B-00C04F79EFBC}") = "cs-intro", "cs-intro.csproj", "{9BD5F2F3-A8A7-675A-4194-3BA9EDFB8606}"
EndProject
Global
	GlobalSection(SolutionConfigurationPlatforms) = preSolution
		Debug|Any CPU = Debug|Any CPU
		Release|Any CPU = Release|Any CPU
	EndGlobalSection
	GlobalSection(ProjectConfigurationPlatforms) = postSolution
		{9BD5F2F3-A8A7-675A-4194-3BA9EDFB8606}.Debug|Any CPU.ActiveCfg = Debug|Any CPU
		{9BD5F2F3-A8A7-675A-4194-3BA9EDFB8606}.Debug|Any CPU.Build.0 = Debug|Any CPU
		{9BD5F2F3-A8A7-675A-4194-3BA9EDFB8606}.Release|Any CPU.ActiveCfg = Release|Any CPU
		{9BD5F2F3-A8A7-675A-4194-3BA9EDFB8606}.Release|Any CPU.Build.0 = Release|Any CPU
	EndGlobalSection
	GlobalSection(SolutionProperties) = preSolution
		HideSolutionNode = FALSE
	EndGlobalSection
	GlobalSection(ExtensibilityGlobals) = postSolution
		SolutionGuid = {DF45A95F-B974-48EE-93EE-161C27720113}
	EndGlobalSection
EndGlobal
